
Microsoft Visual Studio Solution File, Format Version 12.00
# Visual Studio Version 16
VisualStudioVersion = 25.0.1706.4
MinimumVisualStudioVersion = 10.0.40219.1
Project("{FAE04EC0-301F-11D3-BF4B-00C04F79EFBC}") = "RockyConnectBackend", "RockyConnectBackend.csproj", "{7B84626D-8C97-4A35-86DD-92F6BDCCC5BB}"
EndProject
Global
	GlobalSection(SolutionConfigurationPlatforms) = preSolution
		Debug|Any CPU = Debug|Any CPU
		Release|Any CPU = Release|Any CPU
	EndGlobalSection
	GlobalSection(ProjectConfigurationPlatforms) = postSolution
		{7B84626D-8C97-4A35-86DD-92F6BDCCC5BB}.Debug|Any CPU.ActiveCfg = Debug|Any CPU
		{7B84626D-8C97-4A35-86DD-92F6BDCCC5BB}.Debug|Any CPU.Build.0 = Debug|Any CPU
		{7B84626D-8C97-4A35-86DD-92F6BDCCC5BB}.Release|Any CPU.ActiveCfg = Release|Any CPU
		{7B84626D-8C97-4A35-86DD-92F6BDCCC5BB}.Release|Any CPU.Build.0 = Release|Any CPU
	EndGlobalSection
	GlobalSection(SolutionProperties) = preSolution
		HideSolutionNode = FALSE
	EndGlobalSection
	GlobalSection(ExtensibilityGlobals) = postSolution
		SolutionGuid = {545EEBC6-A9F6-4A93-A267-FAA43EE40CC3}
	EndGlobalSection
EndGlobal
